
Microsoft Visual Studio Solution File, Format Version 12.00
# Visual Studio Version 17
VisualStudioVersion = 17.9.34607.119
MinimumVisualStudioVersion = 10.0.40219.1
Project("{8BC9CEB8-8B4A-11D0-8D11-00A0C91BC942}") = "Hirano_PA4", "Hirano_PA4\Hirano_PA4.vcxproj", "{E422EE9B-6214-44D4-A10E-6AC1AAC32AC9}"
EndProject
Global
	GlobalSection(SolutionConfigurationPlatforms) = preSolution
		Debug|x64 = Debug|x64
		Debug|x86 = Debug|x86
		Release|x64 = Release|x64
		Release|x86 = Release|x86
	EndGlobalSection
	GlobalSection(ProjectConfigurationPlatforms) = postSolution
		{E422EE9B-6214-44D4-A10E-6AC1AAC32AC9}.Debug|x64.ActiveCfg = Debug|x64
		{E422EE9B-6214-44D4-A10E-6AC1AAC32AC9}.Debug|x64.Build.0 = Debug|x64
		{E422EE9B-6214-44D4-A10E-6AC1AAC32AC9}.Debug|x86.ActiveCfg = Debug|Win32
		{E422EE9B-6214-44D4-A10E-6AC1AAC32AC9}.Debug|x86.Build.0 = Debug|Win32
		{E422EE9B-6214-44D4-A10E-6AC1AAC32AC9}.Release|x64.ActiveCfg = Release|x64
		{E422EE9B-6214-44D4-A10E-6AC1AAC32AC9}.Release|x64.Build.0 = Release|x64
		{E422EE9B-6214-44D4-A10E-6AC1AAC32AC9}.Release|x86.ActiveCfg = Release|Win32
		{E422EE9B-6214-44D4-A10E-6AC1AAC32AC9}.Release|x86.Build.0 = Release|Win32
	EndGlobalSection
	GlobalSection(SolutionProperties) = preSolution
		HideSolutionNode = FALSE
	EndGlobalSection
	GlobalSection(ExtensibilityGlobals) = postSolution
		SolutionGuid = {A9254D67-217D-4D06-9FD4-5A6F4AC9B303}
	EndGlobalSection
EndGlobal
