
Microsoft Visual Studio Solution File, Format Version 12.00
# Visual Studio Version 17
VisualStudioVersion = 17.9.34607.119
MinimumVisualStudioVersion = 10.0.40219.1
Project("{8BC9CEB8-8B4A-11D0-8D11-00A0C91BC942}") = "Hirano_PA8", "Hirano_PA8\Hirano_PA8.vcxproj", "{0E757BC6-5A18-461F-8026-52DD917D2727}"
EndProject
Global
	GlobalSection(SolutionConfigurationPlatforms) = preSolution
		Debug|x64 = Debug|x64
		Debug|x86 = Debug|x86
		Release|x64 = Release|x64
		Release|x86 = Release|x86
	EndGlobalSection
	GlobalSection(ProjectConfigurationPlatforms) = postSolution
		{0E757BC6-5A18-461F-8026-52DD917D2727}.Debug|x64.ActiveCfg = Debug|x64
		{0E757BC6-5A18-461F-8026-52DD917D2727}.Debug|x64.Build.0 = Debug|x64
		{0E757BC6-5A18-461F-8026-52DD917D2727}.Debug|x86.ActiveCfg = Debug|Win32
		{0E757BC6-5A18-461F-8026-52DD917D2727}.Debug|x86.Build.0 = Debug|Win32
		{0E757BC6-5A18-461F-8026-52DD917D2727}.Release|x64.ActiveCfg = Release|x64
		{0E757BC6-5A18-461F-8026-52DD917D2727}.Release|x64.Build.0 = Release|x64
		{0E757BC6-5A18-461F-8026-52DD917D2727}.Release|x86.ActiveCfg = Release|Win32
		{0E757BC6-5A18-461F-8026-52DD917D2727}.Release|x86.Build.0 = Release|Win32
	EndGlobalSection
	GlobalSection(SolutionProperties) = preSolution
		HideSolutionNode = FALSE
	EndGlobalSection
	GlobalSection(ExtensibilityGlobals) = postSolution
		SolutionGuid = {CC7966DE-29FB-46B8-A82C-FF7645B15FB5}
	EndGlobalSection
EndGlobal
